{
  "name": "ai-clinic-os",
  "version": "1.0.0",
  "lockfileVersion": 3,
  "requires": true,
  "author": "Kumushbibi",
  "description": "Enterprise-level AI Clinic SaaS with multi-tenancy, RAG, and AI agents.",
  "keywords": [
    "ai",
    "clinic",
    "saas",
    "rag",
    "agent"
  ],
  "license": "MIT",
  "private": true,
  "workspaces": [
    "apps/*",
    "packages/*"
  ],
  "packages": {
    "": {
      "name": "ai-clinic-os",
      "version": "1.0.0",
      "license": "MIT",
      "workspaces": [
        "apps/*",
        "packages/*"
      ]
    }
  },
  "scripts": {
    "build": "echo \"Build all workspaces\"",
    "dev": "echo \"Run app-specific dev scripts\"",
    "lint": "echo \"Lint all workspaces\"",
    "test": "echo \"Test all workspaces\""
  }
}
